# This file is automatically @generated by Cargo.
# It is not intended for manual editing.
version = 4

[[package]]
name = "agents-core"
version = "0.1.0"

[[package]]
name = "agents-impl"
version = "0.1.0"

[[package]]
name = "api"
version = "0.1.0"

[[package]]
name = "config"
version = "0.1.0"

[[package]]
name = "db"
version = "0.1.0"

[[package]]
name = "memory"
version = "0.1.0"

[[package]]
name = "ports"
version = "0.1.0"

[[package]]
name = "providers"
version = "0.1.0"

[[package]]
name = "tools"
version = "0.1.0"
